// !$*UTF8*$!
{
	archiveVersion = 1;
	classes = {
	};
	objectVersion = 56;
	objects = {

/* Begin PBXBuildFile section */
		FB17EF5E2976B5F500711947 /* AppDelegate.swift in Sources */ = {isa = PBXBuildFile; fileRef = FB17EF5D2976B5F500711947 /* AppDelegate.swift */; };
		FB17EF602976B5F500711947 /* SceneDelegate.swift in Sources */ = {isa = PBXBuildFile; fileRef = FB17EF5F2976B5F500711947 /* SceneDelegate.swift */; };
		FB17EF622976B5F500711947 /* RMTabBarController.swift in Sources */ = {isa = PBXBuildFile; fileRef = FB17EF612976B5F500711947 /* RMTabBarController.swift */; };
		FB17EF672976B5F500711947 /* Assets.xcassets in Resources */ = {isa = PBXBuildFile; fileRef = FB17EF662976B5F500711947 /* Assets.xcassets */; };
		FB17EF6A2976B5F500711947 /* LaunchScreen.storyboard in Resources */ = {isa = PBXBuildFile; fileRef = FB17EF682976B5F500711947 /* LaunchScreen.storyboard */; };
		FB17EF792976B92000711947 /* RMLocation.swift in Sources */ = {isa = PBXBuildFile; fileRef = FB17EF782976B92000711947 /* RMLocation.swift */; };
		FB17EF7C2976B93A00711947 /* RMCharacter.swift in Sources */ = {isa = PBXBuildFile; fileRef = FB17EF7B2976B93A00711947 /* RMCharacter.swift */; };
		FB17EF7E2976B94E00711947 /* RMEpisode.swift in Sources */ = {isa = PBXBuildFile; fileRef = FB17EF7D2976B94E00711947 /* RMEpisode.swift */; };
		FB17EF812976BA3000711947 /* RMCharacterViewController.swift in Sources */ = {isa = PBXBuildFile; fileRef = FB17EF802976BA3000711947 /* RMCharacterViewController.swift */; };
		FB17EF832976BA4900711947 /* RMLocationViewController.swift in Sources */ = {isa = PBXBuildFile; fileRef = FB17EF822976BA4900711947 /* RMLocationViewController.swift */; };
		FB17EF852976BA5300711947 /* RMEpisodeViewController.swift in Sources */ = {isa = PBXBuildFile; fileRef = FB17EF842976BA5300711947 /* RMEpisodeViewController.swift */; };
		FB17EF872976BA6E00711947 /* RMSettingsViewController.swift in Sources */ = {isa = PBXBuildFile; fileRef = FB17EF862976BA6E00711947 /* RMSettingsViewController.swift */; };
		FB17EF892976DD6400711947 /* RMService.swift in Sources */ = {isa = PBXBuildFile; fileRef = FB17EF882976DD6400711947 /* RMService.swift */; };
		FB17EF8B2976DD7600711947 /* RMRequest.swift in Sources */ = {isa = PBXBuildFile; fileRef = FB17EF8A2976DD7600711947 /* RMRequest.swift */; };
		FB17EF8D2976DE7000711947 /* RMEndpoint.swift in Sources */ = {isa = PBXBuildFile; fileRef = FB17EF8C2976DE7000711947 /* RMEndpoint.swift */; };
/* End PBXBuildFile section */

/* Begin PBXFileReference section */
		FB17EF5A2976B5F500711947 /* Rick&MortyApp.app */ = {isa = PBXFileReference; explicitFileType = wrapper.application; includeInIndex = 0; path = "Rick&MortyApp.app"; sourceTree = BUILT_PRODUCTS_DIR; };
		FB17EF5D2976B5F500711947 /* AppDelegate.swift */ = {isa = PBXFileReference; lastKnownFileType = sourcecode.swift; path = AppDelegate.swift; sourceTree = "<group>"; };
		FB17EF5F2976B5F500711947 /* SceneDelegate.swift */ = {isa = PBXFileReference; lastKnownFileType = sourcecode.swift; path = SceneDelegate.swift; sourceTree = "<group>"; };
		FB17EF612976B5F500711947 /* RMTabBarController.swift */ = {isa = PBXFileReference; lastKnownFileType = sourcecode.swift; path = RMTabBarController.swift; sourceTree = "<group>"; };
		FB17EF662976B5F500711947 /* Assets.xcassets */ = {isa = PBXFileReference; lastKnownFileType = folder.assetcatalog; path = Assets.xcassets; sourceTree = "<group>"; };
		FB17EF692976B5F500711947 /* Base */ = {isa = PBXFileReference; lastKnownFileType = file.storyboard; name = Base; path = Base.lproj/LaunchScreen.storyboard; sourceTree = "<group>"; };
		FB17EF6B2976B5F500711947 /* Info.plist */ = {isa = PBXFileReference; lastKnownFileType = text.plist.xml; path = Info.plist; sourceTree = "<group>"; };
		FB17EF782976B92000711947 /* RMLocation.swift */ = {isa = PBXFileReference; lastKnownFileType = sourcecode.swift; path = RMLocation.swift; sourceTree = "<group>"; };
		FB17EF7B2976B93A00711947 /* RMCharacter.swift */ = {isa = PBXFileReference; lastKnownFileType = sourcecode.swift; path = RMCharacter.swift; sourceTree = "<group>"; };
		FB17EF7D2976B94E00711947 /* RMEpisode.swift */ = {isa = PBXFileReference; lastKnownFileType = sourcecode.swift; path = RMEpisode.swift; sourceTree = "<group>"; };
		FB17EF802976BA3000711947 /* RMCharacterViewController.swift */ = {isa = PBXFileReference; lastKnownFileType = sourcecode.swift; path = RMCharacterViewController.swift; sourceTree = "<group>"; };
		FB17EF822976BA4900711947 /* RMLocationViewController.swift */ = {isa = PBXFileReference; lastKnownFileType = sourcecode.swift; path = RMLocationViewController.swift; sourceTree = "<group>"; };
		FB17EF842976BA5300711947 /* RMEpisodeViewController.swift */ = {isa = PBXFileReference; lastKnownFileType = sourcecode.swift; path = RMEpisodeViewController.swift; sourceTree = "<group>"; };
		FB17EF862976BA6E00711947 /* RMSettingsViewController.swift */ = {isa = PBXFileReference; lastKnownFileType = sourcecode.swift; path = RMSettingsViewController.swift; sourceTree = "<group>"; };
		FB17EF882976DD6400711947 /* RMService.swift */ = {isa = PBXFileReference; lastKnownFileType = sourcecode.swift; path = RMService.swift; sourceTree = "<group>"; };
		FB17EF8A2976DD7600711947 /* RMRequest.swift */ = {isa = PBXFileReference; lastKnownFileType = sourcecode.swift; path = RMRequest.swift; sourceTree = "<group>"; };
		FB17EF8C2976DE7000711947 /* RMEndpoint.swift */ = {isa = PBXFileReference; lastKnownFileType = sourcecode.swift; path = RMEndpoint.swift; sourceTree = "<group>"; };
/* End PBXFileReference section */

/* Begin PBXFrameworksBuildPhase section */
		FB17EF572976B5F500711947 /* Frameworks */ = {
			isa = PBXFrameworksBuildPhase;
			buildActionMask = 2147483647;
			files = (
			);
			runOnlyForDeploymentPostprocessing = 0;
		};
/* End PBXFrameworksBuildPhase section */

/* Begin PBXGroup section */
		FB17EF512976B5F500711947 = {
			isa = PBXGroup;
			children = (
				FB17EF5C2976B5F500711947 /* Rick&MortyApp */,
				FB17EF5B2976B5F500711947 /* Products */,
			);
			sourceTree = "<group>";
		};
		FB17EF5B2976B5F500711947 /* Products */ = {
			isa = PBXGroup;
			children = (
				FB17EF5A2976B5F500711947 /* Rick&MortyApp.app */,
			);
			name = Products;
			sourceTree = "<group>";
		};
		FB17EF5C2976B5F500711947 /* Rick&MortyApp */ = {
			isa = PBXGroup;
			children = (
				FB17EF772976B88D00711947 /* Resources */,
				FB17EF762976B87400711947 /* APIClient */,
				FB17EF752976B86400711947 /* Managers */,
				FB17EF742976B84E00711947 /* ViewModels */,
				FB17EF732976B84100711947 /* Views */,
				FB17EF722976B83600711947 /* Models */,
				FB17EF712976B82800711947 /* Controllers */,
				FB17EF6B2976B5F500711947 /* Info.plist */,
			);
			path = "Rick&MortyApp";
			sourceTree = "<group>";
		};
		FB17EF712976B82800711947 /* Controllers */ = {
			isa = PBXGroup;
			children = (
				FB17EF7F2976B9C200711947 /* Core */,
			);
			path = Controllers;
			sourceTree = "<group>";
		};
		FB17EF722976B83600711947 /* Models */ = {
			isa = PBXGroup;
			children = (
				FB17EF782976B92000711947 /* RMLocation.swift */,
				FB17EF7B2976B93A00711947 /* RMCharacter.swift */,
				FB17EF7D2976B94E00711947 /* RMEpisode.swift */,
			);
			path = Models;
			sourceTree = "<group>";
		};
		FB17EF732976B84100711947 /* Views */ = {
			isa = PBXGroup;
			children = (
			);
			path = Views;
			sourceTree = "<group>";
		};
		FB17EF742976B84E00711947 /* ViewModels */ = {
			isa = PBXGroup;
			children = (
			);
			path = ViewModels;
			sourceTree = "<group>";
		};
		FB17EF752976B86400711947 /* Managers */ = {
			isa = PBXGroup;
			children = (
			);
			path = Managers;
			sourceTree = "<group>";
		};
		FB17EF762976B87400711947 /* APIClient */ = {
			isa = PBXGroup;
			children = (
				FB17EF882976DD6400711947 /* RMService.swift */,
				FB17EF8A2976DD7600711947 /* RMRequest.swift */,
				FB17EF8C2976DE7000711947 /* RMEndpoint.swift */,
			);
			path = APIClient;
			sourceTree = "<group>";
		};
		FB17EF772976B88D00711947 /* Resources */ = {
			isa = PBXGroup;
			children = (
				FB17EF662976B5F500711947 /* Assets.xcassets */,
				FB17EF682976B5F500711947 /* LaunchScreen.storyboard */,
				FB17EF5D2976B5F500711947 /* AppDelegate.swift */,
				FB17EF5F2976B5F500711947 /* SceneDelegate.swift */,
			);
			path = Resources;
			sourceTree = "<group>";
		};
		FB17EF7F2976B9C200711947 /* Core */ = {
			isa = PBXGroup;
			children = (
				FB17EF612976B5F500711947 /* RMTabBarController.swift */,
				FB17EF802976BA3000711947 /* RMCharacterViewController.swift */,
				FB17EF822976BA4900711947 /* RMLocationViewController.swift */,
				FB17EF842976BA5300711947 /* RMEpisodeViewController.swift */,
				FB17EF862976BA6E00711947 /* RMSettingsViewController.swift */,
			);
			path = Core;
			sourceTree = "<group>";
		};
/* End PBXGroup section */

/* Begin PBXNativeTarget section */
		FB17EF592976B5F500711947 /* Rick&MortyApp */ = {
			isa = PBXNativeTarget;
			buildConfigurationList = FB17EF6E2976B5F500711947 /* Build configuration list for PBXNativeTarget "Rick&MortyApp" */;
			buildPhases = (
				FB17EF562976B5F500711947 /* Sources */,
				FB17EF572976B5F500711947 /* Frameworks */,
				FB17EF582976B5F500711947 /* Resources */,
			);
			buildRules = (
			);
			dependencies = (
			);
			name = "Rick&MortyApp";
			productName = "Rick&MortyApp";
			productReference = FB17EF5A2976B5F500711947 /* Rick&MortyApp.app */;
			productType = "com.apple.product-type.application";
		};
/* End PBXNativeTarget section */

/* Begin PBXProject section */
		FB17EF522976B5F500711947 /* Project object */ = {
			isa = PBXProject;
			attributes = {
				BuildIndependentTargetsInParallel = 1;
				LastSwiftUpdateCheck = 1420;
				LastUpgradeCheck = 1420;
				TargetAttributes = {
					FB17EF592976B5F500711947 = {
						CreatedOnToolsVersion = 14.2;
					};
				};
			};
			buildConfigurationList = FB17EF552976B5F500711947 /* Build configuration list for PBXProject "Rick&MortyApp" */;
			compatibilityVersion = "Xcode 14.0";
			developmentRegion = en;
			hasScannedForEncodings = 0;
			knownRegions = (
				en,
				Base,
			);
			mainGroup = FB17EF512976B5F500711947;
			productRefGroup = FB17EF5B2976B5F500711947 /* Products */;
			projectDirPath = "";
			projectRoot = "";
			targets = (
				FB17EF592976B5F500711947 /* Rick&MortyApp */,
			);
		};
/* End PBXProject section */

/* Begin PBXResourcesBuildPhase section */
		FB17EF582976B5F500711947 /* Resources */ = {
			isa = PBXResourcesBuildPhase;
			buildActionMask = 2147483647;
			files = (
				FB17EF6A2976B5F500711947 /* LaunchScreen.storyboard in Resources */,
				FB17EF672976B5F500711947 /* Assets.xcassets in Resources */,
			);
			runOnlyForDeploymentPostprocessing = 0;
		};
/* End PBXResourcesBuildPhase section */

/* Begin PBXSourcesBuildPhase section */
		FB17EF562976B5F500711947 /* Sources */ = {
			isa = PBXSourcesBuildPhase;
			buildActionMask = 2147483647;
			files = (
				FB17EF872976BA6E00711947 /* RMSettingsViewController.swift in Sources */,
				FB17EF7E2976B94E00711947 /* RMEpisode.swift in Sources */,
				FB17EF622976B5F500711947 /* RMTabBarController.swift in Sources */,
				FB17EF5E2976B5F500711947 /* AppDelegate.swift in Sources */,
				FB17EF852976BA5300711947 /* RMEpisodeViewController.swift in Sources */,
				FB17EF602976B5F500711947 /* SceneDelegate.swift in Sources */,
				FB17EF792976B92000711947 /* RMLocation.swift in Sources */,
				FB17EF892976DD6400711947 /* RMService.swift in Sources */,
				FB17EF832976BA4900711947 /* RMLocationViewController.swift in Sources */,
				FB17EF8D2976DE7000711947 /* RMEndpoint.swift in Sources */,
				FB17EF7C2976B93A00711947 /* RMCharacter.swift in Sources */,
				FB17EF8B2976DD7600711947 /* RMRequest.swift in Sources */,
				FB17EF812976BA3000711947 /* RMCharacterViewController.swift in Sources */,
			);
			runOnlyForDeploymentPostprocessing = 0;
		};
/* End PBXSourcesBuildPhase section */

/* Begin PBXVariantGroup section */
		FB17EF682976B5F500711947 /* LaunchScreen.storyboard */ = {
			isa = PBXVariantGroup;
			children = (
				FB17EF692976B5F500711947 /* Base */,
			);
			name = LaunchScreen.storyboard;
			sourceTree = "<group>";
		};
/* End PBXVariantGroup section */

/* Begin XCBuildConfiguration section */
		FB17EF6C2976B5F500711947 /* Debug */ = {
			isa = XCBuildConfiguration;
			buildSettings = {
				ALWAYS_SEARCH_USER_PATHS = NO;
				CLANG_ANALYZER_NONNULL = YES;
				CLANG_ANALYZER_NUMBER_OBJECT_CONVERSION = YES_AGGRESSIVE;
				CLANG_CXX_LANGUAGE_STANDARD = "gnu++20";
				CLANG_ENABLE_MODULES = YES;
				CLANG_ENABLE_OBJC_ARC = YES;
				CLANG_ENABLE_OBJC_WEAK = YES;
				CLANG_WARN_BLOCK_CAPTURE_AUTORELEASING = YES;
				CLANG_WARN_BOOL_CONVERSION = YES;
				CLANG_WARN_COMMA = YES;
				CLANG_WARN_CONSTANT_CONVERSION = YES;
				CLANG_WARN_DEPRECATED_OBJC_IMPLEMENTATIONS = YES;
				CLANG_WARN_DIRECT_OBJC_ISA_USAGE = YES_ERROR;
				CLANG_WARN_DOCUMENTATION_COMMENTS = YES;
				CLANG_WARN_EMPTY_BODY = YES;
				CLANG_WARN_ENUM_CONVERSION = YES;
				CLANG_WARN_INFINITE_RECURSION = YES;
				CLANG_WARN_INT_CONVERSION = YES;
				CLANG_WARN_NON_LITERAL_NULL_CONVERSION = YES;
				CLANG_WARN_OBJC_IMPLICIT_RETAIN_SELF = YES;
				CLANG_WARN_OBJC_LITERAL_CONVERSION = YES;
				CLANG_WARN_OBJC_ROOT_CLASS = YES_ERROR;
				CLANG_WARN_QUOTED_INCLUDE_IN_FRAMEWORK_HEADER = YES;
				CLANG_WARN_RANGE_LOOP_ANALYSIS = YES;
				CLANG_WARN_STRICT_PROTOTYPES = YES;
				CLANG_WARN_SUSPICIOUS_MOVE = YES;
				CLANG_WARN_UNGUARDED_AVAILABILITY = YES_AGGRESSIVE;
				CLANG_WARN_UNREACHABLE_CODE = YES;
				CLANG_WARN__DUPLICATE_METHOD_MATCH = YES;
				COPY_PHASE_STRIP = NO;
				DEBUG_INFORMATION_FORMAT = dwarf;
				ENABLE_STRICT_OBJC_MSGSEND = YES;
				ENABLE_TESTABILITY = YES;
				GCC_C_LANGUAGE_STANDARD = gnu11;
				GCC_DYNAMIC_NO_PIC = NO;
				GCC_NO_COMMON_BLOCKS = YES;
				GCC_OPTIMIZATION_LEVEL = 0;
				GCC_PREPROCESSOR_DEFINITIONS = (
					"DEBUG=1",
					"$(inherited)",
				);
				GCC_WARN_64_TO_32_BIT_CONVERSION = YES;
				GCC_WARN_ABOUT_RETURN_TYPE = YES_ERROR;
				GCC_WARN_UNDECLARED_SELECTOR = YES;
				GCC_WARN_UNINITIALIZED_AUTOS = YES_AGGRESSIVE;
				GCC_WARN_UNUSED_FUNCTION = YES;
				GCC_WARN_UNUSED_VARIABLE = YES;
				IPHONEOS_DEPLOYMENT_TARGET = 16.2;
				MTL_ENABLE_DEBUG_INFO = INCLUDE_SOURCE;
				MTL_FAST_MATH = YES;
				ONLY_ACTIVE_ARCH = YES;
				SDKROOT = iphoneos;
				SWIFT_ACTIVE_COMPILATION_CONDITIONS = DEBUG;
				SWIFT_OPTIMIZATION_LEVEL = "-Onone";
			};
			name = Debug;
		};
		FB17EF6D2976B5F500711947 /* Release */ = {
			isa = XCBuildConfiguration;
			buildSettings = {
				ALWAYS_SEARCH_USER_PATHS = NO;
				CLANG_ANALYZER_NONNULL = YES;
				CLANG_ANALYZER_NUMBER_OBJECT_CONVERSION = YES_AGGRESSIVE;
				CLANG_CXX_LANGUAGE_STANDARD = "gnu++20";
				CLANG_ENABLE_MODULES = YES;
				CLANG_ENABLE_OBJC_ARC = YES;
				CLANG_ENABLE_OBJC_WEAK = YES;
				CLANG_WARN_BLOCK_CAPTURE_AUTORELEASING = YES;
				CLANG_WARN_BOOL_CONVERSION = YES;
				CLANG_WARN_COMMA = YES;
				CLANG_WARN_CONSTANT_CONVERSION = YES;
				CLANG_WARN_DEPRECATED_OBJC_IMPLEMENTATIONS = YES;
				CLANG_WARN_DIRECT_OBJC_ISA_USAGE = YES_ERROR;
				CLANG_WARN_DOCUMENTATION_COMMENTS = YES;
				CLANG_WARN_EMPTY_BODY = YES;
				CLANG_WARN_ENUM_CONVERSION = YES;
				CLANG_WARN_INFINITE_RECURSION = YES;
				CLANG_WARN_INT_CONVERSION = YES;
				CLANG_WARN_NON_LITERAL_NULL_CONVERSION = YES;
				CLANG_WARN_OBJC_IMPLICIT_RETAIN_SELF = YES;
				CLANG_WARN_OBJC_LITERAL_CONVERSION = YES;
				CLANG_WARN_OBJC_ROOT_CLASS = YES_ERROR;
				CLANG_WARN_QUOTED_INCLUDE_IN_FRAMEWORK_HEADER = YES;
				CLANG_WARN_RANGE_LOOP_ANALYSIS = YES;
				CLANG_WARN_STRICT_PROTOTYPES = YES;
				CLANG_WARN_SUSPICIOUS_MOVE = YES;
				CLANG_WARN_UNGUARDED_AVAILABILITY = YES_AGGRESSIVE;
				CLANG_WARN_UNREACHABLE_CODE = YES;
				CLANG_WARN__DUPLICATE_METHOD_MATCH = YES;
				COPY_PHASE_STRIP = NO;
				DEBUG_INFORMATION_FORMAT = "dwarf-with-dsym";
				ENABLE_NS_ASSERTIONS = NO;
				ENABLE_STRICT_OBJC_MSGSEND = YES;
				GCC_C_LANGUAGE_STANDARD = gnu11;
				GCC_NO_COMMON_BLOCKS = YES;
				GCC_WARN_64_TO_32_BIT_CONVERSION = YES;
				GCC_WARN_ABOUT_RETURN_TYPE = YES_ERROR;
				GCC_WARN_UNDECLARED_SELECTOR = YES;
				GCC_WARN_UNINITIALIZED_AUTOS = YES_AGGRESSIVE;
				GCC_WARN_UNUSED_FUNCTION = YES;
				GCC_WARN_UNUSED_VARIABLE = YES;
				IPHONEOS_DEPLOYMENT_TARGET = 16.2;
				MTL_ENABLE_DEBUG_INFO = NO;
				MTL_FAST_MATH = YES;
				SDKROOT = iphoneos;
				SWIFT_COMPILATION_MODE = wholemodule;
				SWIFT_OPTIMIZATION_LEVEL = "-O";
				VALIDATE_PRODUCT = YES;
			};
			name = Release;
		};
		FB17EF6F2976B5F500711947 /* Debug */ = {
			isa = XCBuildConfiguration;
			buildSettings = {
				ASSETCATALOG_COMPILER_APPICON_NAME = AppIcon;
				ASSETCATALOG_COMPILER_GLOBAL_ACCENT_COLOR_NAME = AccentColor;
				CODE_SIGN_STYLE = Automatic;
				CURRENT_PROJECT_VERSION = 1;
				GENERATE_INFOPLIST_FILE = YES;
				INFOPLIST_FILE = "Rick&MortyApp/Info.plist";
				INFOPLIST_KEY_UIApplicationSupportsIndirectInputEvents = YES;
				INFOPLIST_KEY_UILaunchStoryboardName = LaunchScreen;
				INFOPLIST_KEY_UISupportedInterfaceOrientations_iPad = "UIInterfaceOrientationPortrait UIInterfaceOrientationPortraitUpsideDown UIInterfaceOrientationLandscapeLeft UIInterfaceOrientationLandscapeRight";
				INFOPLIST_KEY_UISupportedInterfaceOrientations_iPhone = "UIInterfaceOrientationPortrait UIInterfaceOrientationLandscapeLeft UIInterfaceOrientationLandscapeRight";
				LD_RUNPATH_SEARCH_PATHS = (
					"$(inherited)",
					"@executable_path/Frameworks",
				);
				MARKETING_VERSION = 1.0;
				PRODUCT_BUNDLE_IDENTIFIER = "Corentin.Rick-MortyApp";
				PRODUCT_NAME = "$(TARGET_NAME)";
				SWIFT_EMIT_LOC_STRINGS = YES;
				SWIFT_VERSION = 5.0;
				TARGETED_DEVICE_FAMILY = "1,2";
			};
			name = Debug;
		};
		FB17EF702976B5F500711947 /* Release */ = {
			isa = XCBuildConfiguration;
			buildSettings = {
				ASSETCATALOG_COMPILER_APPICON_NAME = AppIcon;
				ASSETCATALOG_COMPILER_GLOBAL_ACCENT_COLOR_NAME = AccentColor;
				CODE_SIGN_STYLE = Automatic;
				CURRENT_PROJECT_VERSION = 1;
				GENERATE_INFOPLIST_FILE = YES;
				INFOPLIST_FILE = "Rick&MortyApp/Info.plist";
				INFOPLIST_KEY_UIApplicationSupportsIndirectInputEvents = YES;
				INFOPLIST_KEY_UILaunchStoryboardName = LaunchScreen;
				INFOPLIST_KEY_UISupportedInterfaceOrientations_iPad = "UIInterfaceOrientationPortrait UIInterfaceOrientationPortraitUpsideDown UIInterfaceOrientationLandscapeLeft UIInterfaceOrientationLandscapeRight";
				INFOPLIST_KEY_UISupportedInterfaceOrientations_iPhone = "UIInterfaceOrientationPortrait UIInterfaceOrientationLandscapeLeft UIInterfaceOrientationLandscapeRight";
				LD_RUNPATH_SEARCH_PATHS = (
					"$(inherited)",
					"@executable_path/Frameworks",
				);
				MARKETING_VERSION = 1.0;
				PRODUCT_BUNDLE_IDENTIFIER = "Corentin.Rick-MortyApp";
				PRODUCT_NAME = "$(TARGET_NAME)";
				SWIFT_EMIT_LOC_STRINGS = YES;
				SWIFT_VERSION = 5.0;
				TARGETED_DEVICE_FAMILY = "1,2";
			};
			name = Release;
		};
/* End XCBuildConfiguration section */

/* Begin XCConfigurationList section */
		FB17EF552976B5F500711947 /* Build configuration list for PBXProject "Rick&MortyApp" */ = {
			isa = XCConfigurationList;
			buildConfigurations = (
				FB17EF6C2976B5F500711947 /* Debug */,
				FB17EF6D2976B5F500711947 /* Release */,
			);
			defaultConfigurationIsVisible = 0;
			defaultConfigurationName = Release;
		};
		FB17EF6E2976B5F500711947 /* Build configuration list for PBXNativeTarget "Rick&MortyApp" */ = {
			isa = XCConfigurationList;
			buildConfigurations = (
				FB17EF6F2976B5F500711947 /* Debug */,
				FB17EF702976B5F500711947 /* Release */,
			);
			defaultConfigurationIsVisible = 0;
			defaultConfigurationName = Release;
		};
/* End XCConfigurationList section */
	};
	rootObject = FB17EF522976B5F500711947 /* Project object */;
}
